
Microsoft Visual Studio Solution File, Format Version 12.00
# Visual Studio 15
VisualStudioVersion = 15.0.26430.14
MinimumVisualStudioVersion = 10.0.40219.1
Project("{FAE04EC0-301F-11D3-BF4B-00C04F79EFBC}") = "SMT", "SMT\SMT.csproj", "{E49E7918-852D-4A8F-AF70-237D4704CA3E}"
EndProject
Global
	GlobalSection(SolutionConfigurationPlatforms) = preSolution
		Debug|Any CPU = Debug|Any CPU
		Release|Any CPU = Release|Any CPU
	EndGlobalSection
	GlobalSection(ProjectConfigurationPlatforms) = postSolution
		{E49E7918-852D-4A8F-AF70-237D4704CA3E}.Debug|Any CPU.ActiveCfg = Debug|Any CPU
		{E49E7918-852D-4A8F-AF70-237D4704CA3E}.Debug|Any CPU.Build.0 = Debug|Any CPU
		{E49E7918-852D-4A8F-AF70-237D4704CA3E}.Release|Any CPU.ActiveCfg = Release|Any CPU
		{E49E7918-852D-4A8F-AF70-237D4704CA3E}.Release|Any CPU.Build.0 = Release|Any CPU
	EndGlobalSection
	GlobalSection(SolutionProperties) = preSolution
		HideSolutionNode = FALSE
	EndGlobalSection
EndGlobal
